// !$*UTF8*$!
{
	archiveVersion = 1;
	classes = {
	};
	objectVersion = 46;
	objects = {

/* Begin PBXBuildFile section */
		90659FE6117EAB1500CD0234 /* Cocoa.framework in Frameworks */ = {isa = PBXBuildFile; fileRef = 90659FE5117EAB1500CD0234 /* Cocoa.framework */; };
		90659FEA117EAB8200CD0234 /* CoreFoundation.framework in Frameworks */ = {isa = PBXBuildFile; fileRef = 90659FE7117EAB8200CD0234 /* CoreFoundation.framework */; };
		90659FEB117EAB8200CD0234 /* QTKit.framework in Frameworks */ = {isa = PBXBuildFile; fileRef = 90659FE8117EAB8200CD0234 /* QTKit.framework */; };
		90659FEC117EAB8200CD0234 /* Quartz.framework in Frameworks */ = {isa = PBXBuildFile; fileRef = 90659FE9117EAB8200CD0234 /* Quartz.framework */; };
		90DC3EF211ED2C4500236E7A /* JavaVM.framework in Frameworks */ = {isa = PBXBuildFile; fileRef = 90DC3EF111ED2C4500236E7A /* JavaVM.framework */; };
		90DC3F0611ED2C8400236E7A /* JavaNativeFoundation.framework in Frameworks */ = {isa = PBXBuildFile; fileRef = 90DC3F0511ED2C8400236E7A /* JavaNativeFoundation.framework */; };
		CE7F700812529F55000F240B /* QTKitImageCapture.m in Sources */ = {isa = PBXBuildFile; fileRef = CE7F700712529F55000F240B /* QTKitImageCapture.m */; };
		D386C9AC10F7F6FC003C6F65 /* QTKitImageCapture.h in Headers */ = {isa = PBXBuildFile; fileRef = D386C9AA10F7F6FC003C6F65 /* QTKitImageCapture.h */; };
/* End PBXBuildFile section */

/* Begin PBXFileReference section */
		90659FE5117EAB1500CD0234 /* Cocoa.framework */ = {isa = PBXFileReference; lastKnownFileType = wrapper.framework; name = Cocoa.framework; path = /System/Library/Frameworks/Cocoa.framework; sourceTree = "<absolute>"; };
		90659FE7117EAB8200CD0234 /* CoreFoundation.framework */ = {isa = PBXFileReference; lastKnownFileType = wrapper.framework; name = CoreFoundation.framework; path = /System/Library/Frameworks/CoreFoundation.framework; sourceTree = "<absolute>"; };
		90659FE8117EAB8200CD0234 /* QTKit.framework */ = {isa = PBXFileReference; lastKnownFileType = wrapper.framework; name = QTKit.framework; path = /System/Library/Frameworks/QTKit.framework; sourceTree = "<absolute>"; };
		90659FE9117EAB8200CD0234 /* Quartz.framework */ = {isa = PBXFileReference; lastKnownFileType = wrapper.framework; name = Quartz.framework; path = /System/Library/Frameworks/Quartz.framework; sourceTree = "<absolute>"; };
		90DC3EF111ED2C4500236E7A /* JavaVM.framework */ = {isa = PBXFileReference; lastKnownFileType = wrapper.framework; name = JavaVM.framework; path = System/Library/Frameworks/JavaVM.framework; sourceTree = SDKROOT; };
		90DC3F0511ED2C8400236E7A /* JavaNativeFoundation.framework */ = {isa = PBXFileReference; lastKnownFileType = wrapper.framework; name = JavaNativeFoundation.framework; path = /System/Library/Frameworks/JavaVM.framework/Versions/A/Frameworks/JavaNativeFoundation.framework; sourceTree = "<absolute>"; };
		CE7F700712529F55000F240B /* QTKitImageCapture.m */ = {isa = PBXFileReference; fileEncoding = 4; lastKnownFileType = sourcecode.c.objc; path = QTKitImageCapture.m; sourceTree = "<group>"; };
		D2AAC0630554660B00DB518D /* libqtimagesnap.dylib */ = {isa = PBXFileReference; explicitFileType = "compiled.mach-o.dylib"; includeInIndex = 0; path = libqtimagesnap.dylib; sourceTree = BUILT_PRODUCTS_DIR; };
		D386C9AA10F7F6FC003C6F65 /* QTKitImageCapture.h */ = {isa = PBXFileReference; fileEncoding = 4; lastKnownFileType = sourcecode.c.h; path = QTKitImageCapture.h; sourceTree = "<group>"; };
/* End PBXFileReference section */

/* Begin PBXFrameworksBuildPhase section */
		D289988505E68E00004EDB86 /* Frameworks */ = {
			isa = PBXFrameworksBuildPhase;
			buildActionMask = 2147483647;
			files = (
				90659FE6117EAB1500CD0234 /* Cocoa.framework in Frameworks */,
				90659FEA117EAB8200CD0234 /* CoreFoundation.framework in Frameworks */,
				90659FEB117EAB8200CD0234 /* QTKit.framework in Frameworks */,
				90659FEC117EAB8200CD0234 /* Quartz.framework in Frameworks */,
				90DC3EF211ED2C4500236E7A /* JavaVM.framework in Frameworks */,
				90DC3F0611ED2C8400236E7A /* JavaNativeFoundation.framework in Frameworks */,
			);
			runOnlyForDeploymentPostprocessing = 0;
		};
/* End PBXFrameworksBuildPhase section */

/* Begin PBXGroup section */
		08FB7794FE84155DC02AAC07 /* qtimagesnap */ = {
			isa = PBXGroup;
			children = (
				CE7F700712529F55000F240B /* QTKitImageCapture.m */,
				D386C9AE10F7F728003C6F65 /* Frameworks */,
				D386C9AA10F7F6FC003C6F65 /* QTKitImageCapture.h */,
				08FB7795FE84155DC02AAC07 /* Source */,
				1AB674ADFE9D54B511CA2CBB /* Products */,
			);
			name = qtimagesnap;
			sourceTree = "<group>";
		};
		08FB7795FE84155DC02AAC07 /* Source */ = {
			isa = PBXGroup;
			children = (
			);
			name = Source;
			sourceTree = "<group>";
		};
		1AB674ADFE9D54B511CA2CBB /* Products */ = {
			isa = PBXGroup;
			children = (
				D2AAC0630554660B00DB518D /* libqtimagesnap.dylib */,
			);
			name = Products;
			sourceTree = "<group>";
		};
		D386C9AE10F7F728003C6F65 /* Frameworks */ = {
			isa = PBXGroup;
			children = (
				90659FE7117EAB8200CD0234 /* CoreFoundation.framework */,
				90659FE8117EAB8200CD0234 /* QTKit.framework */,
				90659FE9117EAB8200CD0234 /* Quartz.framework */,
				90659FE5117EAB1500CD0234 /* Cocoa.framework */,
				90DC3EF111ED2C4500236E7A /* JavaVM.framework */,
				90DC3F0511ED2C8400236E7A /* JavaNativeFoundation.framework */,
			);
			name = Frameworks;
			sourceTree = "<group>";
		};
/* End PBXGroup section */

/* Begin PBXHeadersBuildPhase section */
		D2AAC0600554660B00DB518D /* Headers */ = {
			isa = PBXHeadersBuildPhase;
			buildActionMask = 2147483647;
			files = (
				D386C9AC10F7F6FC003C6F65 /* QTKitImageCapture.h in Headers */,
			);
			runOnlyForDeploymentPostprocessing = 0;
		};
/* End PBXHeadersBuildPhase section */

/* Begin PBXNativeTarget section */
		D2AAC0620554660B00DB518D /* qtimagesnap */ = {
			isa = PBXNativeTarget;
			buildConfigurationList = 1DEB914A08733D8E0010E9CD /* Build configuration list for PBXNativeTarget "qtimagesnap" */;
			buildPhases = (
				D2AAC0600554660B00DB518D /* Headers */,
				D2AAC0610554660B00DB518D /* Sources */,
				D289988505E68E00004EDB86 /* Frameworks */,
			);
			buildRules = (
			);
			dependencies = (
			);
			name = qtimagesnap;
			productName = qtimagesnap;
			productReference = D2AAC0630554660B00DB518D /* libqtimagesnap.dylib */;
			productType = "com.apple.product-type.library.dynamic";
		};
/* End PBXNativeTarget section */

/* Begin PBXProject section */
		08FB7793FE84155DC02AAC07 /* Project object */ = {
			isa = PBXProject;
			attributes = {
				LastUpgradeCheck = 0460;
			};
			buildConfigurationList = 1DEB914E08733D8E0010E9CD /* Build configuration list for PBXProject "qtimagesnap" */;
			compatibilityVersion = "Xcode 3.2";
			developmentRegion = English;
			hasScannedForEncodings = 1;
			knownRegions = (
				en,
			);
			mainGroup = 08FB7794FE84155DC02AAC07 /* qtimagesnap */;
			projectDirPath = "";
			projectRoot = "";
			targets = (
				D2AAC0620554660B00DB518D /* qtimagesnap */,
			);
		};
/* End PBXProject section */

/* Begin PBXSourcesBuildPhase section */
		D2AAC0610554660B00DB518D /* Sources */ = {
			isa = PBXSourcesBuildPhase;
			buildActionMask = 2147483647;
			files = (
				CE7F700812529F55000F240B /* QTKitImageCapture.m in Sources */,
			);
			runOnlyForDeploymentPostprocessing = 0;
		};
/* End PBXSourcesBuildPhase section */

/* Begin XCBuildConfiguration section */
		1DEB914B08733D8E0010E9CD /* Debug */ = {
			isa = XCBuildConfiguration;
			buildSettings = {
				ALWAYS_SEARCH_USER_PATHS = NO;
				ARCHS = "$(ARCHS_STANDARD_32_64_BIT)";
				COMBINE_HIDPI_IMAGES = YES;
				COPY_PHASE_STRIP = NO;
				EXECUTABLE_PREFIX = lib;
				FRAMEWORK_SEARCH_PATHS = (
					"$(inherited)",
					"\"$(SYSTEM_LIBRARY_DIR)/Frameworks/JavaVM.framework/Versions/A/Frameworks\"",
				);
				GCC_DYNAMIC_NO_PIC = NO;
				GCC_MODEL_TUNING = G5;
				GCC_OPTIMIZATION_LEVEL = 0;
				INSTALL_PATH = /usr/local/lib;
				ONLY_ACTIVE_ARCH = NO;
				PRODUCT_NAME = qtimagesnap;
				SDKROOT = macosx;
			};
			name = Debug;
		};
		1DEB914C08733D8E0010E9CD /* Release */ = {
			isa = XCBuildConfiguration;
			buildSettings = {
				ALWAYS_SEARCH_USER_PATHS = NO;
				ARCHS = "$(ARCHS_STANDARD_32_64_BIT)";
				COMBINE_HIDPI_IMAGES = YES;
				DEBUG_INFORMATION_FORMAT = "dwarf-with-dsym";
				EXECUTABLE_PREFIX = lib;
				FRAMEWORK_SEARCH_PATHS = (
					"$(inherited)",
					"\"$(SYSTEM_LIBRARY_DIR)/Frameworks/JavaVM.framework/Versions/A/Frameworks\"",
				);
				GCC_MODEL_TUNING = G5;
				INSTALL_PATH = /usr/local/lib;
				ONLY_ACTIVE_ARCH = NO;
				PRODUCT_NAME = qtimagesnap;
				SDKROOT = macosx;
			};
			name = Release;
		};
		1DEB914F08733D8E0010E9CD /* Debug */ = {
			isa = XCBuildConfiguration;
			buildSettings = {
				ARCHS = "$(ARCHS_STANDARD_64_BIT)";
				GCC_C_LANGUAGE_STANDARD = gnu99;
				GCC_OPTIMIZATION_LEVEL = 0;
				GCC_WARN_ABOUT_RETURN_TYPE = YES;
				GCC_WARN_UNUSED_VARIABLE = YES;
				ONLY_ACTIVE_ARCH = YES;
				SDKROOT = macosx;
			};
			name = Debug;
		};
		1DEB915008733D8E0010E9CD /* Release */ = {
			isa = XCBuildConfiguration;
			buildSettings = {
				ARCHS = "$(ARCHS_STANDARD_64_BIT)";
				GCC_C_LANGUAGE_STANDARD = gnu99;
				GCC_WARN_ABOUT_RETURN_TYPE = YES;
				GCC_WARN_UNUSED_VARIABLE = YES;
				SDKROOT = macosx;
			};
			name = Release;
		};
/* End XCBuildConfiguration section */

/* Begin XCConfigurationList section */
		1DEB914A08733D8E0010E9CD /* Build configuration list for PBXNativeTarget "qtimagesnap" */ = {
			isa = XCConfigurationList;
			buildConfigurations = (
				1DEB914B08733D8E0010E9CD /* Debug */,
				1DEB914C08733D8E0010E9CD /* Release */,
			);
			defaultConfigurationIsVisible = 0;
			defaultConfigurationName = Release;
		};
		1DEB914E08733D8E0010E9CD /* Build configuration list for PBXProject "qtimagesnap" */ = {
			isa = XCConfigurationList;
			buildConfigurations = (
				1DEB914F08733D8E0010E9CD /* Debug */,
				1DEB915008733D8E0010E9CD /* Release */,
			);
			defaultConfigurationIsVisible = 0;
			defaultConfigurationName = Release;
		};
/* End XCConfigurationList section */
	};
	rootObject = 08FB7793FE84155DC02AAC07 /* Project object */;
}
